// !$*UTF8*$!
{
	archiveVersion = 1;
	classes = {
	};
	objectVersion = 46;
	objects = {

/* Begin PBXBuildFile section */
		14D81DDE1C34EFA700134811 /* AppDelegate.swift in Sources */ = {isa = PBXBuildFile; fileRef = 14D81DDD1C34EFA700134811 /* AppDelegate.swift */; };
		14D81DE41C34EFA700134811 /* Assets.xcassets in Resources */ = {isa = PBXBuildFile; fileRef = 14D81DE31C34EFA700134811 /* Assets.xcassets */; };
		14D81DE71C34EFA700134811 /* MainMenu.xib in Resources */ = {isa = PBXBuildFile; fileRef = 14D81DE51C34EFA700134811 /* MainMenu.xib */; };
		14D81DF51C34F3CC00134811 /* damage.sks in Resources */ = {isa = PBXBuildFile; fileRef = 14D81DEF1C34F3CC00134811 /* damage.sks */; };
		14D81DF61C34F3CC00134811 /* exhaust.sks in Resources */ = {isa = PBXBuildFile; fileRef = 14D81DF01C34F3CC00134811 /* exhaust.sks */; };
		14D81DF71C34F3CC00134811 /* explosion.sks in Resources */ = {isa = PBXBuildFile; fileRef = 14D81DF11C34F3CC00134811 /* explosion.sks */; };
		14D81DF81C34F3CC00134811 /* missile.sks in Resources */ = {isa = PBXBuildFile; fileRef = 14D81DF21C34F3CC00134811 /* missile.sks */; };
		14D81DF91C34F3CC00134811 /* spaceship.png in Resources */ = {isa = PBXBuildFile; fileRef = 14D81DF31C34F3CC00134811 /* spaceship.png */; };
		14D81DFA1C34F3CC00134811 /* spark.png in Resources */ = {isa = PBXBuildFile; fileRef = 14D81DF41C34F3CC00134811 /* spark.png */; };
		14D81DFE1C34F46800134811 /* ShipSprite.swift in Sources */ = {isa = PBXBuildFile; fileRef = 14D81DFC1C34F46800134811 /* ShipSprite.swift */; };
		14D81DFF1C34F46800134811 /* SpaceScene.swift in Sources */ = {isa = PBXBuildFile; fileRef = 14D81DFD1C34F46800134811 /* SpaceScene.swift */; };
		14D81E011C34F48D00134811 /* PlayerAction.swift in Sources */ = {isa = PBXBuildFile; fileRef = 14D81E001C34F48D00134811 /* PlayerAction.swift */; };
		14D81E031C34F4A800134811 /* Constants.swift in Sources */ = {isa = PBXBuildFile; fileRef = 14D81E021C34F4A800134811 /* Constants.swift */; };
		14D81E051C34F59200134811 /* HelperFunctions.swift in Sources */ = {isa = PBXBuildFile; fileRef = 14D81E041C34F59200134811 /* HelperFunctions.swift */; };
/* End PBXBuildFile section */

/* Begin PBXFileReference section */
		14D81DDA1C34EFA700134811 /* SpriteKit Physics Collisions in Swift.app */ = {isa = PBXFileReference; explicitFileType = wrapper.application; includeInIndex = 0; path = "SpriteKit Physics Collisions in Swift.app"; sourceTree = BUILT_PRODUCTS_DIR; };
		14D81DDD1C34EFA700134811 /* AppDelegate.swift */ = {isa = PBXFileReference; lastKnownFileType = sourcecode.swift; path = AppDelegate.swift; sourceTree = "<group>"; };
		14D81DE31C34EFA700134811 /* Assets.xcassets */ = {isa = PBXFileReference; lastKnownFileType = folder.assetcatalog; path = Assets.xcassets; sourceTree = "<group>"; };
		14D81DE61C34EFA700134811 /* Base */ = {isa = PBXFileReference; lastKnownFileType = file.xib; name = Base; path = Base.lproj/MainMenu.xib; sourceTree = "<group>"; };
		14D81DE81C34EFA700134811 /* Info.plist */ = {isa = PBXFileReference; lastKnownFileType = text.plist.xml; path = Info.plist; sourceTree = "<group>"; };
		14D81DEF1C34F3CC00134811 /* damage.sks */ = {isa = PBXFileReference; lastKnownFileType = file.sks; path = damage.sks; sourceTree = "<group>"; };
		14D81DF01C34F3CC00134811 /* exhaust.sks */ = {isa = PBXFileReference; lastKnownFileType = file.sks; path = exhaust.sks; sourceTree = "<group>"; };
		14D81DF11C34F3CC00134811 /* explosion.sks */ = {isa = PBXFileReference; lastKnownFileType = file.sks; path = explosion.sks; sourceTree = "<group>"; };
		14D81DF21C34F3CC00134811 /* missile.sks */ = {isa = PBXFileReference; lastKnownFileType = file.sks; path = missile.sks; sourceTree = "<group>"; };
		14D81DF31C34F3CC00134811 /* spaceship.png */ = {isa = PBXFileReference; lastKnownFileType = image.png; path = spaceship.png; sourceTree = "<group>"; };
		14D81DF41C34F3CC00134811 /* spark.png */ = {isa = PBXFileReference; lastKnownFileType = image.png; path = spark.png; sourceTree = "<group>"; };
		14D81DFC1C34F46800134811 /* ShipSprite.swift */ = {isa = PBXFileReference; fileEncoding = 4; lastKnownFileType = sourcecode.swift; path = ShipSprite.swift; sourceTree = "<group>"; };
		14D81DFD1C34F46800134811 /* SpaceScene.swift */ = {isa = PBXFileReference; fileEncoding = 4; lastKnownFileType = sourcecode.swift; path = SpaceScene.swift; sourceTree = "<group>"; };
		14D81E001C34F48D00134811 /* PlayerAction.swift */ = {isa = PBXFileReference; fileEncoding = 4; lastKnownFileType = sourcecode.swift; path = PlayerAction.swift; sourceTree = "<group>"; };
		14D81E021C34F4A800134811 /* Constants.swift */ = {isa = PBXFileReference; fileEncoding = 4; lastKnownFileType = sourcecode.swift; path = Constants.swift; sourceTree = "<group>"; };
		14D81E041C34F59200134811 /* HelperFunctions.swift */ = {isa = PBXFileReference; fileEncoding = 4; lastKnownFileType = sourcecode.swift; path = HelperFunctions.swift; sourceTree = "<group>"; };
/* End PBXFileReference section */

/* Begin PBXFrameworksBuildPhase section */
		14D81DD71C34EFA700134811 /* Frameworks */ = {
			isa = PBXFrameworksBuildPhase;
			buildActionMask = 2147483647;
			files = (
			);
			runOnlyForDeploymentPostprocessing = 0;
		};
/* End PBXFrameworksBuildPhase section */

/* Begin PBXGroup section */
		14D81DD11C34EFA700134811 = {
			isa = PBXGroup;
			children = (
				14D81DDC1C34EFA700134811 /* SpriteKit Physics Collisions in Swift */,
				14D81DDB1C34EFA700134811 /* Products */,
			);
			sourceTree = "<group>";
		};
		14D81DDB1C34EFA700134811 /* Products */ = {
			isa = PBXGroup;
			children = (
				14D81DDA1C34EFA700134811 /* SpriteKit Physics Collisions in Swift.app */,
			);
			name = Products;
			sourceTree = "<group>";
		};
		14D81DDC1C34EFA700134811 /* SpriteKit Physics Collisions in Swift */ = {
			isa = PBXGroup;
			children = (
				14D81DEE1C34F3BD00134811 /* Art */,
				14D81DDD1C34EFA700134811 /* AppDelegate.swift */,
				14D81E021C34F4A800134811 /* Constants.swift */,
				14D81E041C34F59200134811 /* HelperFunctions.swift */,
				14D81DFC1C34F46800134811 /* ShipSprite.swift */,
				14D81DFD1C34F46800134811 /* SpaceScene.swift */,
				14D81E001C34F48D00134811 /* PlayerAction.swift */,
				14D81DE31C34EFA700134811 /* Assets.xcassets */,
				14D81DFB1C34F40000134811 /* Supporting Files */,
				14D81DE51C34EFA700134811 /* MainMenu.xib */,
			);
			path = "SpriteKit Physics Collisions in Swift";
			sourceTree = "<group>";
		};
		14D81DEE1C34F3BD00134811 /* Art */ = {
			isa = PBXGroup;
			children = (
				14D81DF31C34F3CC00134811 /* spaceship.png */,
				14D81DF21C34F3CC00134811 /* missile.sks */,
				14D81DEF1C34F3CC00134811 /* damage.sks */,
				14D81DF41C34F3CC00134811 /* spark.png */,
				14D81DF11C34F3CC00134811 /* explosion.sks */,
				14D81DF01C34F3CC00134811 /* exhaust.sks */,
			);
			name = Art;
			sourceTree = "<group>";
		};
		14D81DFB1C34F40000134811 /* Supporting Files */ = {
			isa = PBXGroup;
			children = (
				14D81DE81C34EFA700134811 /* Info.plist */,
			);
			name = "Supporting Files";
			sourceTree = "<group>";
		};
/* End PBXGroup section */

/* Begin PBXNativeTarget section */
		14D81DD91C34EFA700134811 /* SpriteKit Physics Collisions in Swift */ = {
			isa = PBXNativeTarget;
			buildConfigurationList = 14D81DEB1C34EFA700134811 /* Build configuration list for PBXNativeTarget "SpriteKit Physics Collisions in Swift" */;
			buildPhases = (
				14D81DD61C34EFA700134811 /* Sources */,
				14D81DD71C34EFA700134811 /* Frameworks */,
				14D81DD81C34EFA700134811 /* Resources */,
			);
			buildRules = (
			);
			dependencies = (
			);
			name = "SpriteKit Physics Collisions in Swift";
			productName = "SpriteKit Physics Collisions in Swift";
			productReference = 14D81DDA1C34EFA700134811 /* SpriteKit Physics Collisions in Swift.app */;
			productType = "com.apple.product-type.application";
		};
/* End PBXNativeTarget section */

/* Begin PBXProject section */
		14D81DD21C34EFA700134811 /* Project object */ = {
			isa = PBXProject;
			attributes = {
				LastSwiftUpdateCheck = 0710;
				LastUpgradeCheck = 0710;
				ORGANIZATIONNAME = EmmanuelTsouris;
				TargetAttributes = {
					14D81DD91C34EFA700134811 = {
						CreatedOnToolsVersion = 7.1.1;
					};
				};
			};
			buildConfigurationList = 14D81DD51C34EFA700134811 /* Build configuration list for PBXProject "SpriteKit Physics Collisions in Swift" */;
			compatibilityVersion = "Xcode 3.2";
			developmentRegion = English;
			hasScannedForEncodings = 0;
			knownRegions = (
				en,
				Base,
			);
			mainGroup = 14D81DD11C34EFA700134811;
			productRefGroup = 14D81DDB1C34EFA700134811 /* Products */;
			projectDirPath = "";
			projectRoot = "";
			targets = (
				14D81DD91C34EFA700134811 /* SpriteKit Physics Collisions in Swift */,
			);
		};
/* End PBXProject section */

/* Begin PBXResourcesBuildPhase section */
		14D81DD81C34EFA700134811 /* Resources */ = {
			isa = PBXResourcesBuildPhase;
			buildActionMask = 2147483647;
			files = (
				14D81DF91C34F3CC00134811 /* spaceship.png in Resources */,
				14D81DFA1C34F3CC00134811 /* spark.png in Resources */,
				14D81DF51C34F3CC00134811 /* damage.sks in Resources */,
				14D81DF61C34F3CC00134811 /* exhaust.sks in Resources */,
				14D81DE41C34EFA700134811 /* Assets.xcassets in Resources */,
				14D81DF81C34F3CC00134811 /* missile.sks in Resources */,
				14D81DF71C34F3CC00134811 /* explosion.sks in Resources */,
				14D81DE71C34EFA700134811 /* MainMenu.xib in Resources */,
			);
			runOnlyForDeploymentPostprocessing = 0;
		};
/* End PBXResourcesBuildPhase section */

/* Begin PBXSourcesBuildPhase section */
		14D81DD61C34EFA700134811 /* Sources */ = {
			isa = PBXSourcesBuildPhase;
			buildActionMask = 2147483647;
			files = (
				14D81DFF1C34F46800134811 /* SpaceScene.swift in Sources */,
				14D81DDE1C34EFA700134811 /* AppDelegate.swift in Sources */,
				14D81DFE1C34F46800134811 /* ShipSprite.swift in Sources */,
				14D81E011C34F48D00134811 /* PlayerAction.swift in Sources */,
				14D81E031C34F4A800134811 /* Constants.swift in Sources */,
				14D81E051C34F59200134811 /* HelperFunctions.swift in Sources */,
			);
			runOnlyForDeploymentPostprocessing = 0;
		};
/* End PBXSourcesBuildPhase section */

/* Begin PBXVariantGroup section */
		14D81DE51C34EFA700134811 /* MainMenu.xib */ = {
			isa = PBXVariantGroup;
			children = (
				14D81DE61C34EFA700134811 /* Base */,
			);
			name = MainMenu.xib;
			sourceTree = "<group>";
		};
/* End PBXVariantGroup section */

/* Begin XCBuildConfiguration section */
		14D81DE91C34EFA700134811 /* Debug */ = {
			isa = XCBuildConfiguration;
			buildSettings = {
				ALWAYS_SEARCH_USER_PATHS = NO;
				CLANG_CXX_LANGUAGE_STANDARD = "gnu++0x";
				CLANG_CXX_LIBRARY = "libc++";
				CLANG_ENABLE_MODULES = YES;
				CLANG_ENABLE_OBJC_ARC = YES;
				CLANG_WARN_BOOL_CONVERSION = YES;
				CLANG_WARN_CONSTANT_CONVERSION = YES;
				CLANG_WARN_DIRECT_OBJC_ISA_USAGE = YES_ERROR;
				CLANG_WARN_EMPTY_BODY = YES;
				CLANG_WARN_ENUM_CONVERSION = YES;
				CLANG_WARN_INT_CONVERSION = YES;
				CLANG_WARN_OBJC_ROOT_CLASS = YES_ERROR;
				CLANG_WARN_UNREACHABLE_CODE = YES;
				CLANG_WARN__DUPLICATE_METHOD_MATCH = YES;
				CODE_SIGN_IDENTITY = "-";
				COPY_PHASE_STRIP = NO;
				DEBUG_INFORMATION_FORMAT = "dwarf-with-dsym";
				ENABLE_STRICT_OBJC_MSGSEND = YES;
				ENABLE_TESTABILITY = YES;
				GCC_C_LANGUAGE_STANDARD = gnu99;
				GCC_DYNAMIC_NO_PIC = NO;
				GCC_NO_COMMON_BLOCKS = YES;
				GCC_OPTIMIZATION_LEVEL = 0;
				GCC_PREPROCESSOR_DEFINITIONS = (
					"DEBUG=1",
					"$(inherited)",
				);
				GCC_WARN_64_TO_32_BIT_CONVERSION = YES;
				GCC_WARN_ABOUT_RETURN_TYPE = YES_ERROR;
				GCC_WARN_UNDECLARED_SELECTOR = YES;
				GCC_WARN_UNINITIALIZED_AUTOS = YES_AGGRESSIVE;
				GCC_WARN_UNUSED_FUNCTION = YES;
				GCC_WARN_UNUSED_VARIABLE = YES;
				MACOSX_DEPLOYMENT_TARGET = 10.11;
				MTL_ENABLE_DEBUG_INFO = YES;
				ONLY_ACTIVE_ARCH = YES;
				SDKROOT = macosx;
				SWIFT_OPTIMIZATION_LEVEL = "-Onone";
			};
			name = Debug;
		};
		14D81DEA1C34EFA700134811 /* Release */ = {
			isa = XCBuildConfiguration;
			buildSettings = {
				ALWAYS_SEARCH_USER_PATHS = NO;
				CLANG_CXX_LANGUAGE_STANDARD = "gnu++0x";
				CLANG_CXX_LIBRARY = "libc++";
				CLANG_ENABLE_MODULES = YES;
				CLANG_ENABLE_OBJC_ARC = YES;
				CLANG_WARN_BOOL_CONVERSION = YES;
				CLANG_WARN_CONSTANT_CONVERSION = YES;
				CLANG_WARN_DIRECT_OBJC_ISA_USAGE = YES_ERROR;
				CLANG_WARN_EMPTY_BODY = YES;
				CLANG_WARN_ENUM_CONVERSION = YES;
				CLANG_WARN_INT_CONVERSION = YES;
				CLANG_WARN_OBJC_ROOT_CLASS = YES_ERROR;
				CLANG_WARN_UNREACHABLE_CODE = YES;
				CLANG_WARN__DUPLICATE_METHOD_MATCH = YES;
				CODE_SIGN_IDENTITY = "-";
				COPY_PHASE_STRIP = NO;
				DEBUG_INFORMATION_FORMAT = "dwarf-with-dsym";
				ENABLE_NS_ASSERTIONS = NO;
				ENABLE_STRICT_OBJC_MSGSEND = YES;
				GCC_C_LANGUAGE_STANDARD = gnu99;
				GCC_NO_COMMON_BLOCKS = YES;
				GCC_WARN_64_TO_32_BIT_CONVERSION = YES;
				GCC_WARN_ABOUT_RETURN_TYPE = YES_ERROR;
				GCC_WARN_UNDECLARED_SELECTOR = YES;
				GCC_WARN_UNINITIALIZED_AUTOS = YES_AGGRESSIVE;
				GCC_WARN_UNUSED_FUNCTION = YES;
				GCC_WARN_UNUSED_VARIABLE = YES;
				MACOSX_DEPLOYMENT_TARGET = 10.11;
				MTL_ENABLE_DEBUG_INFO = NO;
				SDKROOT = macosx;
			};
			name = Release;
		};
		14D81DEC1C34EFA700134811 /* Debug */ = {
			isa = XCBuildConfiguration;
			buildSettings = {
				ASSETCATALOG_COMPILER_APPICON_NAME = AppIcon;
				COMBINE_HIDPI_IMAGES = YES;
				INFOPLIST_FILE = "SpriteKit Physics Collisions in Swift/Info.plist";
				LD_RUNPATH_SEARCH_PATHS = "$(inherited) @executable_path/../Frameworks";
				PRODUCT_BUNDLE_IDENTIFIER = "com.EmmanuelTsouris.SpriteKit-Physics-Collisions-in-Swift";
				PRODUCT_NAME = "$(TARGET_NAME)";
			};
			name = Debug;
		};
		14D81DED1C34EFA700134811 /* Release */ = {
			isa = XCBuildConfiguration;
			buildSettings = {
				ASSETCATALOG_COMPILER_APPICON_NAME = AppIcon;
				COMBINE_HIDPI_IMAGES = YES;
				INFOPLIST_FILE = "SpriteKit Physics Collisions in Swift/Info.plist";
				LD_RUNPATH_SEARCH_PATHS = "$(inherited) @executable_path/../Frameworks";
				PRODUCT_BUNDLE_IDENTIFIER = "com.EmmanuelTsouris.SpriteKit-Physics-Collisions-in-Swift";
				PRODUCT_NAME = "$(TARGET_NAME)";
			};
			name = Release;
		};
/* End XCBuildConfiguration section */

/* Begin XCConfigurationList section */
		14D81DD51C34EFA700134811 /* Build configuration list for PBXProject "SpriteKit Physics Collisions in Swift" */ = {
			isa = XCConfigurationList;
			buildConfigurations = (
				14D81DE91C34EFA700134811 /* Debug */,
				14D81DEA1C34EFA700134811 /* Release */,
			);
			defaultConfigurationIsVisible = 0;
			defaultConfigurationName = Release;
		};
		14D81DEB1C34EFA700134811 /* Build configuration list for PBXNativeTarget "SpriteKit Physics Collisions in Swift" */ = {
			isa = XCConfigurationList;
			buildConfigurations = (
				14D81DEC1C34EFA700134811 /* Debug */,
				14D81DED1C34EFA700134811 /* Release */,
			);
			defaultConfigurationIsVisible = 0;
		};
/* End XCConfigurationList section */
	};
	rootObject = 14D81DD21C34EFA700134811 /* Project object */;
}
